<?xml version="1.0" encoding="utf-8"?>
<Project ToolsVersion="4.0" xmlns="http://schemas.microsoft.com/developer/msbuild/2003">
  <ItemGroup>
    <Filter Include="ソース ファイル">
      <UniqueIdentifier>{4FC737F1-C7A5-4376-A066-2A32D752A2FF}</UniqueIdentifier>
      <Extensions>cpp;c;cc;cxx;def;odl;idl;hpj;bat;asm;asmx</Extensions>
    </Filter>
    <Filter Include="ヘッダー ファイル">
      <UniqueIdentifier>{93995380-89BD-4b04-88EB-625FBE52EBFB}</UniqueIdentifier>
      <Extensions>h;hh;hpp;hxx;hm;inl;inc;xsd</Extensions>
    </Filter>
    <Filter Include="リソース ファイル">
      <UniqueIdentifier>{67DA6AB6-F800-4c08-8B7A-83BB121AAD01}</UniqueIdentifier>
      <Extensions>rc;ico;cur;bmp;dlg;rc2;rct;bin;rgs;gif;jpg;jpeg;jpe;resx;tiff;tif;png;wav;mfcribbon-ms</Extensions>
    </Filter>
    <Filter Include="ソース ファイル\Scene">
      <UniqueIdentifier>{b96e1636-becb-4eb4-b71c-0f77e3edfcb5}</UniqueIdentifier>
    </Filter>
    <Filter Include="ヘッダー ファイル\Scene">
      <UniqueIdentifier>{1455aab1-b729-4942-942f-3cb3bad541d3}</UniqueIdentifier>
    </Filter>
    <Filter Include="ソース ファイル\Input">
      <UniqueIdentifier>{aa7e7e86-1546-4cae-abc4-20753e41c8fa}</UniqueIdentifier>
    </Filter>
    <Filter Include="ヘッダー ファイル\Input">
      <UniqueIdentifier>{524a397f-78bb-4e1a-990e-91b9020c5bab}</UniqueIdentifier>
    </Filter>
    <Filter Include="ヘッダー ファイル\Scene\2D">
      <UniqueIdentifier>{9aed8ed3-6773-4d82-bd90-a2e929a9c2c1}</UniqueIdentifier>
    </Filter>
    <Filter Include="ヘッダー ファイル\Scene\3D">
      <UniqueIdentifier>{14f7968a-d6bb-476a-9ea9-84a36493ad6c}</UniqueIdentifier>
    </Filter>
    <Filter Include="ソース ファイル\Scene\2D">
      <UniqueIdentifier>{54dd8ccf-8386-4d68-9f8f-087a32b41164}</UniqueIdentifier>
    </Filter>
    <Filter Include="ソース ファイル\Scene\3D">
      <UniqueIdentifier>{a024add3-751b-48c4-9e5d-baae39c1a066}</UniqueIdentifier>
    </Filter>
    <Filter Include="ヘッダー ファイル\Mode">
      <UniqueIdentifier>{1f85f70a-528a-4798-aba3-d575fcdc3451}</UniqueIdentifier>
    </Filter>
    <Filter Include="ソース ファイル\Mode">
      <UniqueIdentifier>{f9fd8c2b-6bb0-491a-9f0f-b51c4ade05b9}</UniqueIdentifier>
    </Filter>
  </ItemGroup>
  <ItemGroup>
    <ClCompile Include="main.cpp">
      <Filter>ソース ファイル</Filter>
    </ClCompile>
    <ClCompile Include="Scene.cpp">
      <Filter>ソース ファイル\Scene</Filter>
    </ClCompile>
    <ClCompile Include="Manager.cpp">
      <Filter>ソース ファイル</Filter>
    </ClCompile>
    <ClCompile Include="RendererDX.cpp">
      <Filter>ソース ファイル</Filter>
    </ClCompile>
    <ClCompile Include="SceneCamera.cpp">
      <Filter>ソース ファイル\Scene</Filter>
    </ClCompile>
    <ClCompile Include="SceneLight.cpp">
      <Filter>ソース ファイル\Scene</Filter>
    </ClCompile>
    <ClCompile Include="XInput.cpp">
      <Filter>ソース ファイル\Input</Filter>
    </ClCompile>
    <ClCompile Include="Input.cpp">
      <Filter>ソース ファイル\Input</Filter>
    </ClCompile>
    <ClCompile Include="Number.cpp">
      <Filter>ソース ファイル</Filter>
    </ClCompile>
    <ClCompile Include="SceneMeter.cpp">
      <Filter>ソース ファイル\Scene\2D</Filter>
    </ClCompile>
    <ClCompile Include="SceneTime.cpp">
      <Filter>ソース ファイル\Scene\2D</Filter>
    </ClCompile>
    <ClCompile Include="Scene3D.cpp">
      <Filter>ソース ファイル\Scene\3D</Filter>
    </ClCompile>
    <ClCompile Include="SceneMeshField.cpp">
      <Filter>ソース ファイル\Scene\3D</Filter>
    </ClCompile>
    <ClCompile Include="ScenePlayer.cpp">
      <Filter>ソース ファイル\Scene\3D</Filter>
    </ClCompile>
    <ClCompile Include="SceneCircuit.cpp">
      <Filter>ソース ファイル\Scene\3D</Filter>
    </ClCompile>
    <ClCompile Include="Mode.cpp">
      <Filter>ソース ファイル\Mode</Filter>
    </ClCompile>
    <ClCompile Include="ModeGame.cpp">
      <Filter>ソース ファイル\Mode</Filter>
    </ClCompile>
    <ClCompile Include="ModeTitle.cpp">
      <Filter>ソース ファイル\Mode</Filter>
    </ClCompile>
    <ClCompile Include="ModeResult.cpp">
      <Filter>ソース ファイル\Mode</Filter>
    </ClCompile>
    <ClCompile Include="2D.cpp">
      <Filter>ソース ファイル\Scene\2D</Filter>
    </ClCompile>
    <ClCompile Include="SceneSkydome.cpp">
      <Filter>ソース ファイル\Scene\3D</Filter>
    </ClCompile>
    <ClCompile Include="ModeTutorial.cpp">
      <Filter>ソース ファイル\Mode</Filter>
    </ClCompile>
    <ClCompile Include="SceneTutorial.cpp">
      <Filter>ソース ファイル\Scene\3D</Filter>
    </ClCompile>
    <ClCompile Include="Sound.cpp">
      <Filter>ソース ファイル</Filter>
    </ClCompile>
    <ClCompile Include="SceneSector.cpp">
      <Filter>ソース ファイル\Scene\3D</Filter>
    </ClCompile>
  </ItemGroup>
  <ItemGroup>
    <ClInclude Include="main.h">
      <Filter>ヘッダー ファイル</Filter>
    </ClInclude>
    <ClInclude Include="Scene.h">
      <Filter>ヘッダー ファイル\Scene</Filter>
    </ClInclude>
    <ClInclude Include="Manager.h">
      <Filter>ヘッダー ファイル</Filter>
    </ClInclude>
    <ClInclude Include="RendererDX.h">
      <Filter>ヘッダー ファイル</Filter>
    </ClInclude>
    <ClInclude Include="SceneLight.h">
      <Filter>ヘッダー ファイル\Scene</Filter>
    </ClInclude>
    <ClInclude Include="XInput.h">
      <Filter>ヘッダー ファイル\Input</Filter>
    </ClInclude>
    <ClInclude Include="Input.h">
      <Filter>ヘッダー ファイル\Input</Filter>
    </ClInclude>
    <ClInclude Include="Memo.h">
      <Filter>ヘッダー ファイル</Filter>
    </ClInclude>
    <ClInclude Include="Number.h">
      <Filter>ヘッダー ファイル</Filter>
    </ClInclude>
    <ClInclude Include="SceneMeter.h">
      <Filter>ヘッダー ファイル\Scene\2D</Filter>
    </ClInclude>
    <ClInclude Include="SceneTime.h">
      <Filter>ヘッダー ファイル\Scene\2D</Filter>
    </ClInclude>
    <ClInclude Include="Scene3D.h">
      <Filter>ヘッダー ファイル\Scene\3D</Filter>
    </ClInclude>
    <ClInclude Include="SceneMeshField.h">
      <Filter>ヘッダー ファイル\Scene\3D</Filter>
    </ClInclude>
    <ClInclude Include="ScenePlayer.h">
      <Filter>ヘッダー ファイル\Scene\3D</Filter>
    </ClInclude>
    <ClInclude Include="SceneCamera.h">
      <Filter>ヘッダー ファイル\Scene</Filter>
    </ClInclude>
    <ClInclude Include="SceneCircuit.h">
      <Filter>ヘッダー ファイル\Scene\3D</Filter>
    </ClInclude>
    <ClInclude Include="Mode.h">
      <Filter>ヘッダー ファイル\Mode</Filter>
    </ClInclude>
    <ClInclude Include="ModeGame.h">
      <Filter>ヘッダー ファイル\Mode</Filter>
    </ClInclude>
    <ClInclude Include="ModeTitle.h">
      <Filter>ヘッダー ファイル\Mode</Filter>
    </ClInclude>
    <ClInclude Include="ModeResult.h">
      <Filter>ヘッダー ファイル\Mode</Filter>
    </ClInclude>
    <ClInclude Include="2D.h">
      <Filter>ヘッダー ファイル\Scene\2D</Filter>
    </ClInclude>
    <ClInclude Include="SceneSkydome.h">
      <Filter>ヘッダー ファイル\Scene\3D</Filter>
    </ClInclude>
    <ClInclude Include="ModeTutorial.h">
      <Filter>ヘッダー ファイル\Mode</Filter>
    </ClInclude>
    <ClInclude Include="SceneTutorial.h">
      <Filter>ヘッダー ファイル\Scene\3D</Filter>
    </ClInclude>
    <ClInclude Include="Sound.h">
      <Filter>ヘッダー ファイル</Filter>
    </ClInclude>
    <ClInclude Include="SceneSector.h">
      <Filter>ヘッダー ファイル\Scene\3D</Filter>
    </ClInclude>
  </ItemGroup>
</Project>